// !$*UTF8*$!
{
	archiveVersion = 1;
	classes = {
	};
	objectVersion = 46;
	objects = {

/* Begin PBXBuildFile section */
		331B640E1956816600844EBA /* LoginViewController.m in Sources */ = {isa = PBXBuildFile; fileRef = 331B640C1956816600844EBA /* LoginViewController.m */; };
		331B640F1956816600844EBA /* LoginViewController.xib in Resources */ = {isa = PBXBuildFile; fileRef = 331B640D1956816600844EBA /* LoginViewController.xib */; };
		332B90FF19ABAF2F002C0420 /* ContactCell.m in Sources */ = {isa = PBXBuildFile; fileRef = 332B90FE19ABAF2F002C0420 /* ContactCell.m */; };
		33AED5AE1958AA49004C0E82 /* FridayCamera.m in Sources */ = {isa = PBXBuildFile; fileRef = 33AED5AD1958AA49004C0E82 /* FridayCamera.m */; };
		33EF3BC819BBBE4200916DE1 /* GroupMemberCell.m in Sources */ = {isa = PBXBuildFile; fileRef = 33EF3BC619BBBE4200916DE1 /* GroupMemberCell.m */; };
		33EF3BC919BBBE4200916DE1 /* GroupMemberCell.xib in Resources */ = {isa = PBXBuildFile; fileRef = 33EF3BC719BBBE4200916DE1 /* GroupMemberCell.xib */; };
		4237EF4919800C6A00230BB6 /* UIImage+Resize.m in Sources */ = {isa = PBXBuildFile; fileRef = 4237EF4819800C6A00230BB6 /* UIImage+Resize.m */; };
		4237EF4C19800C9A00230BB6 /* UIImage+Alpha.m in Sources */ = {isa = PBXBuildFile; fileRef = 4237EF4B19800C9A00230BB6 /* UIImage+Alpha.m */; };
		4237EF4F19800CA900230BB6 /* UIImage+RoundedCorner.m in Sources */ = {isa = PBXBuildFile; fileRef = 4237EF4E19800CA900230BB6 /* UIImage+RoundedCorner.m */; };
		427F76A319286F8700CF30F2 /* SplashViewController.m in Sources */ = {isa = PBXBuildFile; fileRef = 427F76A119286F8700CF30F2 /* SplashViewController.m */; };
		427F76A419286F8700CF30F2 /* SplashViewController.xib in Resources */ = {isa = PBXBuildFile; fileRef = 427F76A219286F8700CF30F2 /* SplashViewController.xib */; };
		427F76A8192896AE00CF30F2 /* PostSplashViewController.m in Sources */ = {isa = PBXBuildFile; fileRef = 427F76A6192896AE00CF30F2 /* PostSplashViewController.m */; };
		427F76A9192896AE00CF30F2 /* PostSplashViewController.xib in Resources */ = {isa = PBXBuildFile; fileRef = 427F76A7192896AE00CF30F2 /* PostSplashViewController.xib */; };
		427F76AD1928972600CF30F2 /* AddPeopleViewController.m in Sources */ = {isa = PBXBuildFile; fileRef = 427F76AB1928972600CF30F2 /* AddPeopleViewController.m */; };
		427F76AE1928972600CF30F2 /* AddPeopleViewController.xib in Resources */ = {isa = PBXBuildFile; fileRef = 427F76AC1928972600CF30F2 /* AddPeopleViewController.xib */; };
		427F76B21928973700CF30F2 /* PeopleViewController.m in Sources */ = {isa = PBXBuildFile; fileRef = 427F76B01928973700CF30F2 /* PeopleViewController.m */; };
		427F76B31928973700CF30F2 /* PeopleViewController.xib in Resources */ = {isa = PBXBuildFile; fileRef = 427F76B11928973700CF30F2 /* PeopleViewController.xib */; };
		427F76BA192897B000CF30F2 /* CameraViewController.m in Sources */ = {isa = PBXBuildFile; fileRef = 427F76B8192897B000CF30F2 /* CameraViewController.m */; };
		427F76BB192897B000CF30F2 /* CameraViewController.xib in Resources */ = {isa = PBXBuildFile; fileRef = 427F76B9192897B000CF30F2 /* CameraViewController.xib */; };
		427F76BF192897BC00CF30F2 /* RollViewController.m in Sources */ = {isa = PBXBuildFile; fileRef = 427F76BD192897BC00CF30F2 /* RollViewController.m */; };
		427F76C0192897BC00CF30F2 /* RollViewController.xib in Resources */ = {isa = PBXBuildFile; fileRef = 427F76BE192897BC00CF30F2 /* RollViewController.xib */; };
		429B71221928698D00BAAE20 /* Foundation.framework in Frameworks */ = {isa = PBXBuildFile; fileRef = 429B71211928698D00BAAE20 /* Foundation.framework */; };
		429B71241928698D00BAAE20 /* CoreGraphics.framework in Frameworks */ = {isa = PBXBuildFile; fileRef = 429B71231928698D00BAAE20 /* CoreGraphics.framework */; };
		429B71261928698D00BAAE20 /* UIKit.framework in Frameworks */ = {isa = PBXBuildFile; fileRef = 429B71251928698D00BAAE20 /* UIKit.framework */; };
		429B712C1928698D00BAAE20 /* InfoPlist.strings in Resources */ = {isa = PBXBuildFile; fileRef = 429B712A1928698D00BAAE20 /* InfoPlist.strings */; };
		429B712E1928698D00BAAE20 /* main.m in Sources */ = {isa = PBXBuildFile; fileRef = 429B712D1928698D00BAAE20 /* main.m */; };
		429B71321928698D00BAAE20 /* AppDelegate.m in Sources */ = {isa = PBXBuildFile; fileRef = 429B71311928698D00BAAE20 /* AppDelegate.m */; };
		429B71341928698D00BAAE20 /* Images.xcassets in Resources */ = {isa = PBXBuildFile; fileRef = 429B71331928698D00BAAE20 /* Images.xcassets */; };
		429B713B1928698D00BAAE20 /* XCTest.framework in Frameworks */ = {isa = PBXBuildFile; fileRef = 429B713A1928698D00BAAE20 /* XCTest.framework */; };
		429B713C1928698D00BAAE20 /* Foundation.framework in Frameworks */ = {isa = PBXBuildFile; fileRef = 429B71211928698D00BAAE20 /* Foundation.framework */; };
		429B713D1928698D00BAAE20 /* UIKit.framework in Frameworks */ = {isa = PBXBuildFile; fileRef = 429B71251928698D00BAAE20 /* UIKit.framework */; };
		429B71451928698D00BAAE20 /* InfoPlist.strings in Resources */ = {isa = PBXBuildFile; fileRef = 429B71431928698D00BAAE20 /* InfoPlist.strings */; };
		429B71471928698D00BAAE20 /* FridayTests.m in Sources */ = {isa = PBXBuildFile; fileRef = 429B71461928698D00BAAE20 /* FridayTests.m */; };
		451467D71992177500E5CDF5 /* RollChoiceViewController.m in Sources */ = {isa = PBXBuildFile; fileRef = 451467D51992177500E5CDF5 /* RollChoiceViewController.m */; };
		451467D81992177500E5CDF5 /* RollChoiceViewController.xib in Resources */ = {isa = PBXBuildFile; fileRef = 451467D61992177500E5CDF5 /* RollChoiceViewController.xib */; };
		451836861958744C00594C07 /* User.m in Sources */ = {isa = PBXBuildFile; fileRef = 451836851958744C00594C07 /* User.m */; };
		45183689195875F900594C07 /* Roll.m in Sources */ = {isa = PBXBuildFile; fileRef = 45183688195875F900594C07 /* Roll.m */; };
		4518368F1958926D00594C07 /* Photo.m in Sources */ = {isa = PBXBuildFile; fileRef = 4518368E1958926D00594C07 /* Photo.m */; };
		451F5D7419BBCE1F00CE66B9 /* CoreText.framework in Frameworks */ = {isa = PBXBuildFile; fileRef = 451F5D7319BBCE1F00CE66B9 /* CoreText.framework */; };
		451F5D7619BBCE3800CE66B9 /* QuartzCore.framework in Frameworks */ = {isa = PBXBuildFile; fileRef = 451F5D7519BBCE3800CE66B9 /* QuartzCore.framework */; };
		451F5D7819BBCE4000CE66B9 /* Security.framework in Frameworks */ = {isa = PBXBuildFile; fileRef = 451F5D7719BBCE4000CE66B9 /* Security.framework */; };
		451F5D7A19BBCE4B00CE66B9 /* SystemConfiguration.framework in Frameworks */ = {isa = PBXBuildFile; fileRef = 451F5D7919BBCE4B00CE66B9 /* SystemConfiguration.framework */; };
		4534135019728EE900C6A2FE /* CollectionViewHeaderView.xib in Resources */ = {isa = PBXBuildFile; fileRef = 4534134F19728EE900C6A2FE /* CollectionViewHeaderView.xib */; };
		45881D8B19DE0D80009605CE /* SinglePhotoCell.m in Sources */ = {isa = PBXBuildFile; fileRef = 45881D8919DE0D80009605CE /* SinglePhotoCell.m */; };
		45881D8C19DE0D80009605CE /* SinglePhotoCell.xib in Resources */ = {isa = PBXBuildFile; fileRef = 45881D8A19DE0D80009605CE /* SinglePhotoCell.xib */; };
		45881D9219DE11CC009605CE /* SinglePhotoCollectionViewFlowLayout.m in Sources */ = {isa = PBXBuildFile; fileRef = 45881D9119DE11CC009605CE /* SinglePhotoCollectionViewFlowLayout.m */; };
		45881D9819DE2646009605CE /* CollectionViewHeaderView.m in Sources */ = {isa = PBXBuildFile; fileRef = 45881D9719DE2646009605CE /* CollectionViewHeaderView.m */; };
		45971B30194DFE8C00BAD5E9 /* PhotoGalleryCell.xib in Resources */ = {isa = PBXBuildFile; fileRef = 45971B2F194DFE8C00BAD5E9 /* PhotoGalleryCell.xib */; };
		45971B33194DFEE900BAD5E9 /* PhotoGalleryCell.m in Sources */ = {isa = PBXBuildFile; fileRef = 45971B32194DFEE900BAD5E9 /* PhotoGalleryCell.m */; };
		45A8922D19ABFA6000BBE973 /* InvitedToCell.xib in Resources */ = {isa = PBXBuildFile; fileRef = 45A8922C19ABFA6000BBE973 /* InvitedToCell.xib */; };
		45A8922F19B11D0A00BBE973 /* libc++.dylib in Frameworks */ = {isa = PBXBuildFile; fileRef = 45A8922E19B11D0A00BBE973 /* libc++.dylib */; };
		45A8923219B11F4D00BBE973 /* CachedBlurredImage.m in Sources */ = {isa = PBXBuildFile; fileRef = 45A8923119B11F4D00BBE973 /* CachedBlurredImage.m */; };
		45A8923919BA4A2600BBE973 /* Crashlytics.framework in Frameworks */ = {isa = PBXBuildFile; fileRef = 45A8923819BA4A2600BBE973 /* Crashlytics.framework */; };
		45C5EE7A19889CE900A0D538 /* UserRoll.m in Sources */ = {isa = PBXBuildFile; fileRef = 45C5EE7919889CE900A0D538 /* UserRoll.m */; };
		45EC14A6196754610049D518 /* ContactCell.xib in Resources */ = {isa = PBXBuildFile; fileRef = 45EC14A5196754610049D518 /* ContactCell.xib */; };
		45EC14A9196760450049D518 /* MessageUI.framework in Frameworks */ = {isa = PBXBuildFile; fileRef = 45EC14A8196760440049D518 /* MessageUI.framework */; };
		45FFB7F119CD1FEE00BCF135 /* RollGalleryLayoutViewController.m in Sources */ = {isa = PBXBuildFile; fileRef = 45FFB7EF19CD1FEE00BCF135 /* RollGalleryLayoutViewController.m */; };
		45FFB7F219CD1FEE00BCF135 /* RollGalleryLayoutViewController.xib in Resources */ = {isa = PBXBuildFile; fileRef = 45FFB7F019CD1FEE00BCF135 /* RollGalleryLayoutViewController.xib */; };
		6A776A8540FD4AB39818DF6F /* libPods.a in Frameworks */ = {isa = PBXBuildFile; fileRef = 80C9A0E9FEF846ECA2BF7C69 /* libPods.a */; };
/* End PBXBuildFile section */

/* Begin PBXContainerItemProxy section */
		429B713E1928698D00BAAE20 /* PBXContainerItemProxy */ = {
			isa = PBXContainerItemProxy;
			containerPortal = 429B71161928698D00BAAE20 /* Project object */;
			proxyType = 1;
			remoteGlobalIDString = 429B711D1928698D00BAAE20;
			remoteInfo = Friday;
		};
/* End PBXContainerItemProxy section */

/* Begin PBXFileReference section */
		331B640B1956816600844EBA /* LoginViewController.h */ = {isa = PBXFileReference; fileEncoding = 4; lastKnownFileType = sourcecode.c.h; path = LoginViewController.h; sourceTree = "<group>"; };
		331B640C1956816600844EBA /* LoginViewController.m */ = {isa = PBXFileReference; fileEncoding = 4; lastKnownFileType = sourcecode.c.objc; path = LoginViewController.m; sourceTree = "<group>"; };
		331B640D1956816600844EBA /* LoginViewController.xib */ = {isa = PBXFileReference; fileEncoding = 4; lastKnownFileType = file.xib; path = LoginViewController.xib; sourceTree = "<group>"; };
		332B90FD19ABAF2F002C0420 /* ContactCell.h */ = {isa = PBXFileReference; fileEncoding = 4; lastKnownFileType = sourcecode.c.h; path = ContactCell.h; sourceTree = "<group>"; };
		332B90FE19ABAF2F002C0420 /* ContactCell.m */ = {isa = PBXFileReference; fileEncoding = 4; lastKnownFileType = sourcecode.c.objc; path = ContactCell.m; sourceTree = "<group>"; };
		33AED5AC1958AA49004C0E82 /* FridayCamera.h */ = {isa = PBXFileReference; fileEncoding = 4; lastKnownFileType = sourcecode.c.h; path = FridayCamera.h; sourceTree = "<group>"; };
		33AED5AD1958AA49004C0E82 /* FridayCamera.m */ = {isa = PBXFileReference; fileEncoding = 4; lastKnownFileType = sourcecode.c.objc; path = FridayCamera.m; sourceTree = "<group>"; };
		33EF3BC519BBBE4200916DE1 /* GroupMemberCell.h */ = {isa = PBXFileReference; fileEncoding = 4; lastKnownFileType = sourcecode.c.h; path = GroupMemberCell.h; sourceTree = "<group>"; };
		33EF3BC619BBBE4200916DE1 /* GroupMemberCell.m */ = {isa = PBXFileReference; fileEncoding = 4; lastKnownFileType = sourcecode.c.objc; path = GroupMemberCell.m; sourceTree = "<group>"; };
		33EF3BC719BBBE4200916DE1 /* GroupMemberCell.xib */ = {isa = PBXFileReference; fileEncoding = 4; lastKnownFileType = file.xib; path = GroupMemberCell.xib; sourceTree = "<group>"; };
		4237EF4719800C6A00230BB6 /* UIImage+Resize.h */ = {isa = PBXFileReference; fileEncoding = 4; lastKnownFileType = sourcecode.c.h; path = "UIImage+Resize.h"; sourceTree = "<group>"; };
		4237EF4819800C6A00230BB6 /* UIImage+Resize.m */ = {isa = PBXFileReference; fileEncoding = 4; lastKnownFileType = sourcecode.c.objc; path = "UIImage+Resize.m"; sourceTree = "<group>"; };
		4237EF4A19800C9A00230BB6 /* UIImage+Alpha.h */ = {isa = PBXFileReference; fileEncoding = 4; lastKnownFileType = sourcecode.c.h; path = "UIImage+Alpha.h"; sourceTree = "<group>"; };
		4237EF4B19800C9A00230BB6 /* UIImage+Alpha.m */ = {isa = PBXFileReference; fileEncoding = 4; lastKnownFileType = sourcecode.c.objc; path = "UIImage+Alpha.m"; sourceTree = "<group>"; };
		4237EF4D19800CA900230BB6 /* UIImage+RoundedCorner.h */ = {isa = PBXFileReference; fileEncoding = 4; lastKnownFileType = sourcecode.c.h; path = "UIImage+RoundedCorner.h"; sourceTree = "<group>"; };
		4237EF4E19800CA900230BB6 /* UIImage+RoundedCorner.m */ = {isa = PBXFileReference; fileEncoding = 4; lastKnownFileType = sourcecode.c.objc; path = "UIImage+RoundedCorner.m"; sourceTree = "<group>"; };
		427F76A019286F8700CF30F2 /* SplashViewController.h */ = {isa = PBXFileReference; fileEncoding = 4; lastKnownFileType = sourcecode.c.h; path = SplashViewController.h; sourceTree = "<group>"; };
		427F76A119286F8700CF30F2 /* SplashViewController.m */ = {isa = PBXFileReference; fileEncoding = 4; lastKnownFileType = sourcecode.c.objc; path = SplashViewController.m; sourceTree = "<group>"; };
		427F76A219286F8700CF30F2 /* SplashViewController.xib */ = {isa = PBXFileReference; fileEncoding = 4; lastKnownFileType = file.xib; path = SplashViewController.xib; sourceTree = "<group>"; };
		427F76A5192896AE00CF30F2 /* PostSplashViewController.h */ = {isa = PBXFileReference; fileEncoding = 4; lastKnownFileType = sourcecode.c.h; path = PostSplashViewController.h; sourceTree = "<group>"; };
		427F76A6192896AE00CF30F2 /* PostSplashViewController.m */ = {isa = PBXFileReference; fileEncoding = 4; lastKnownFileType = sourcecode.c.objc; path = PostSplashViewController.m; sourceTree = "<group>"; };
		427F76A7192896AE00CF30F2 /* PostSplashViewController.xib */ = {isa = PBXFileReference; fileEncoding = 4; lastKnownFileType = file.xib; path = PostSplashViewController.xib; sourceTree = "<group>"; };
		427F76AA1928972600CF30F2 /* AddPeopleViewController.h */ = {isa = PBXFileReference; fileEncoding = 4; lastKnownFileType = sourcecode.c.h; path = AddPeopleViewController.h; sourceTree = "<group>"; };
		427F76AB1928972600CF30F2 /* AddPeopleViewController.m */ = {isa = PBXFileReference; fileEncoding = 4; lastKnownFileType = sourcecode.c.objc; path = AddPeopleViewController.m; sourceTree = "<group>"; };
		427F76AC1928972600CF30F2 /* AddPeopleViewController.xib */ = {isa = PBXFileReference; fileEncoding = 4; lastKnownFileType = file.xib; path = AddPeopleViewController.xib; sourceTree = "<group>"; };
		427F76AF1928973700CF30F2 /* PeopleViewController.h */ = {isa = PBXFileReference; fileEncoding = 4; lastKnownFileType = sourcecode.c.h; path = PeopleViewController.h; sourceTree = "<group>"; };
		427F76B01928973700CF30F2 /* PeopleViewController.m */ = {isa = PBXFileReference; fileEncoding = 4; lastKnownFileType = sourcecode.c.objc; path = PeopleViewController.m; sourceTree = "<group>"; };
		427F76B11928973700CF30F2 /* PeopleViewController.xib */ = {isa = PBXFileReference; fileEncoding = 4; lastKnownFileType = file.xib; path = PeopleViewController.xib; sourceTree = "<group>"; };
		427F76B7192897B000CF30F2 /* CameraViewController.h */ = {isa = PBXFileReference; fileEncoding = 4; lastKnownFileType = sourcecode.c.h; path = CameraViewController.h; sourceTree = "<group>"; };
		427F76B8192897B000CF30F2 /* CameraViewController.m */ = {isa = PBXFileReference; fileEncoding = 4; lastKnownFileType = sourcecode.c.objc; path = CameraViewController.m; sourceTree = "<group>"; };
		427F76B9192897B000CF30F2 /* CameraViewController.xib */ = {isa = PBXFileReference; fileEncoding = 4; lastKnownFileType = file.xib; path = CameraViewController.xib; sourceTree = "<group>"; };
		427F76BC192897BC00CF30F2 /* RollViewController.h */ = {isa = PBXFileReference; fileEncoding = 4; lastKnownFileType = sourcecode.c.h; path = RollViewController.h; sourceTree = "<group>"; };
		427F76BD192897BC00CF30F2 /* RollViewController.m */ = {isa = PBXFileReference; fileEncoding = 4; lastKnownFileType = sourcecode.c.objc; path = RollViewController.m; sourceTree = "<group>"; };
		427F76BE192897BC00CF30F2 /* RollViewController.xib */ = {isa = PBXFileReference; fileEncoding = 4; lastKnownFileType = file.xib; path = RollViewController.xib; sourceTree = "<group>"; };
		429B711E1928698D00BAAE20 /* Friday.app */ = {isa = PBXFileReference; explicitFileType = wrapper.application; includeInIndex = 0; path = Friday.app; sourceTree = BUILT_PRODUCTS_DIR; };
		429B71211928698D00BAAE20 /* Foundation.framework */ = {isa = PBXFileReference; lastKnownFileType = wrapper.framework; name = Foundation.framework; path = System/Library/Frameworks/Foundation.framework; sourceTree = SDKROOT; };
		429B71231928698D00BAAE20 /* CoreGraphics.framework */ = {isa = PBXFileReference; lastKnownFileType = wrapper.framework; name = CoreGraphics.framework; path = System/Library/Frameworks/CoreGraphics.framework; sourceTree = SDKROOT; };
		429B71251928698D00BAAE20 /* UIKit.framework */ = {isa = PBXFileReference; lastKnownFileType = wrapper.framework; name = UIKit.framework; path = System/Library/Frameworks/UIKit.framework; sourceTree = SDKROOT; };
		429B71291928698D00BAAE20 /* Friday-Info.plist */ = {isa = PBXFileReference; lastKnownFileType = text.plist.xml; path = "Friday-Info.plist"; sourceTree = "<group>"; };
		429B712B1928698D00BAAE20 /* en */ = {isa = PBXFileReference; lastKnownFileType = text.plist.strings; name = en; path = en.lproj/InfoPlist.strings; sourceTree = "<group>"; };
		429B712D1928698D00BAAE20 /* main.m */ = {isa = PBXFileReference; lastKnownFileType = sourcecode.c.objc; path = main.m; sourceTree = "<group>"; };
		429B712F1928698D00BAAE20 /* Friday-Prefix.pch */ = {isa = PBXFileReference; lastKnownFileType = sourcecode.c.h; path = "Friday-Prefix.pch"; sourceTree = "<group>"; };
		429B71301928698D00BAAE20 /* AppDelegate.h */ = {isa = PBXFileReference; lastKnownFileType = sourcecode.c.h; path = AppDelegate.h; sourceTree = "<group>"; };
		429B71311928698D00BAAE20 /* AppDelegate.m */ = {isa = PBXFileReference; lastKnownFileType = sourcecode.c.objc; path = AppDelegate.m; sourceTree = "<group>"; };
		429B71331928698D00BAAE20 /* Images.xcassets */ = {isa = PBXFileReference; lastKnownFileType = folder.assetcatalog; path = Images.xcassets; sourceTree = "<group>"; };
		429B71391928698D00BAAE20 /* FridayTests.xctest */ = {isa = PBXFileReference; explicitFileType = wrapper.cfbundle; includeInIndex = 0; path = FridayTests.xctest; sourceTree = BUILT_PRODUCTS_DIR; };
		429B713A1928698D00BAAE20 /* XCTest.framework */ = {isa = PBXFileReference; lastKnownFileType = wrapper.framework; name = XCTest.framework; path = Library/Frameworks/XCTest.framework; sourceTree = DEVELOPER_DIR; };
		429B71421928698D00BAAE20 /* FridayTests-Info.plist */ = {isa = PBXFileReference; lastKnownFileType = text.plist.xml; path = "FridayTests-Info.plist"; sourceTree = "<group>"; };
		429B71441928698D00BAAE20 /* en */ = {isa = PBXFileReference; lastKnownFileType = text.plist.strings; name = en; path = en.lproj/InfoPlist.strings; sourceTree = "<group>"; };
		429B71461928698D00BAAE20 /* FridayTests.m */ = {isa = PBXFileReference; lastKnownFileType = sourcecode.c.objc; path = FridayTests.m; sourceTree = "<group>"; };
		451467D41992177500E5CDF5 /* RollChoiceViewController.h */ = {isa = PBXFileReference; fileEncoding = 4; lastKnownFileType = sourcecode.c.h; path = RollChoiceViewController.h; sourceTree = "<group>"; };
		451467D51992177500E5CDF5 /* RollChoiceViewController.m */ = {isa = PBXFileReference; fileEncoding = 4; lastKnownFileType = sourcecode.c.objc; path = RollChoiceViewController.m; sourceTree = "<group>"; };
		451467D61992177500E5CDF5 /* RollChoiceViewController.xib */ = {isa = PBXFileReference; fileEncoding = 4; lastKnownFileType = file.xib; path = RollChoiceViewController.xib; sourceTree = "<group>"; };
		451836841958744C00594C07 /* User.h */ = {isa = PBXFileReference; fileEncoding = 4; lastKnownFileType = sourcecode.c.h; path = User.h; sourceTree = "<group>"; };
		451836851958744C00594C07 /* User.m */ = {isa = PBXFileReference; fileEncoding = 4; lastKnownFileType = sourcecode.c.objc; path = User.m; sourceTree = "<group>"; };
		45183687195875F900594C07 /* Roll.h */ = {isa = PBXFileReference; fileEncoding = 4; lastKnownFileType = sourcecode.c.h; path = Roll.h; sourceTree = "<group>"; };
		45183688195875F900594C07 /* Roll.m */ = {isa = PBXFileReference; fileEncoding = 4; lastKnownFileType = sourcecode.c.objc; path = Roll.m; sourceTree = "<group>"; };
		4518368D1958926D00594C07 /* Photo.h */ = {isa = PBXFileReference; fileEncoding = 4; lastKnownFileType = sourcecode.c.h; path = Photo.h; sourceTree = "<group>"; };
		4518368E1958926D00594C07 /* Photo.m */ = {isa = PBXFileReference; fileEncoding = 4; lastKnownFileType = sourcecode.c.objc; path = Photo.m; sourceTree = "<group>"; };
		451F5D7319BBCE1F00CE66B9 /* CoreText.framework */ = {isa = PBXFileReference; lastKnownFileType = wrapper.framework; name = CoreText.framework; path = System/Library/Frameworks/CoreText.framework; sourceTree = SDKROOT; };
		451F5D7519BBCE3800CE66B9 /* QuartzCore.framework */ = {isa = PBXFileReference; lastKnownFileType = wrapper.framework; name = QuartzCore.framework; path = System/Library/Frameworks/QuartzCore.framework; sourceTree = SDKROOT; };
		451F5D7719BBCE4000CE66B9 /* Security.framework */ = {isa = PBXFileReference; lastKnownFileType = wrapper.framework; name = Security.framework; path = System/Library/Frameworks/Security.framework; sourceTree = SDKROOT; };
		451F5D7919BBCE4B00CE66B9 /* SystemConfiguration.framework */ = {isa = PBXFileReference; lastKnownFileType = wrapper.framework; name = SystemConfiguration.framework; path = System/Library/Frameworks/SystemConfiguration.framework; sourceTree = SDKROOT; };
		4534134F19728EE900C6A2FE /* CollectionViewHeaderView.xib */ = {isa = PBXFileReference; fileEncoding = 4; lastKnownFileType = file.xib; path = CollectionViewHeaderView.xib; sourceTree = "<group>"; };
		45881D8819DE0D80009605CE /* SinglePhotoCell.h */ = {isa = PBXFileReference; fileEncoding = 4; lastKnownFileType = sourcecode.c.h; path = SinglePhotoCell.h; sourceTree = "<group>"; };
		45881D8919DE0D80009605CE /* SinglePhotoCell.m */ = {isa = PBXFileReference; fileEncoding = 4; lastKnownFileType = sourcecode.c.objc; path = SinglePhotoCell.m; sourceTree = "<group>"; };
		45881D8A19DE0D80009605CE /* SinglePhotoCell.xib */ = {isa = PBXFileReference; fileEncoding = 4; lastKnownFileType = file.xib; path = SinglePhotoCell.xib; sourceTree = "<group>"; };
		45881D9019DE11CC009605CE /* SinglePhotoCollectionViewFlowLayout.h */ = {isa = PBXFileReference; fileEncoding = 4; lastKnownFileType = sourcecode.c.h; path = SinglePhotoCollectionViewFlowLayout.h; sourceTree = "<group>"; };
		45881D9119DE11CC009605CE /* SinglePhotoCollectionViewFlowLayout.m */ = {isa = PBXFileReference; fileEncoding = 4; lastKnownFileType = sourcecode.c.objc; path = SinglePhotoCollectionViewFlowLayout.m; sourceTree = "<group>"; };
		45881D9619DE2646009605CE /* CollectionViewHeaderView.h */ = {isa = PBXFileReference; fileEncoding = 4; lastKnownFileType = sourcecode.c.h; path = CollectionViewHeaderView.h; sourceTree = "<group>"; };
		45881D9719DE2646009605CE /* CollectionViewHeaderView.m */ = {isa = PBXFileReference; fileEncoding = 4; lastKnownFileType = sourcecode.c.objc; path = CollectionViewHeaderView.m; sourceTree = "<group>"; };
		45971B2F194DFE8C00BAD5E9 /* PhotoGalleryCell.xib */ = {isa = PBXFileReference; fileEncoding = 4; lastKnownFileType = file.xib; path = PhotoGalleryCell.xib; sourceTree = "<group>"; };
		45971B31194DFEE900BAD5E9 /* PhotoGalleryCell.h */ = {isa = PBXFileReference; fileEncoding = 4; lastKnownFileType = sourcecode.c.h; path = PhotoGalleryCell.h; sourceTree = "<group>"; };
		45971B32194DFEE900BAD5E9 /* PhotoGalleryCell.m */ = {isa = PBXFileReference; fileEncoding = 4; lastKnownFileType = sourcecode.c.objc; path = PhotoGalleryCell.m; sourceTree = "<group>"; };
		45A8922C19ABFA6000BBE973 /* InvitedToCell.xib */ = {isa = PBXFileReference; fileEncoding = 4; lastKnownFileType = file.xib; path = InvitedToCell.xib; sourceTree = "<group>"; };
		45A8922E19B11D0A00BBE973 /* libc++.dylib */ = {isa = PBXFileReference; lastKnownFileType = "compiled.mach-o.dylib"; name = "libc++.dylib"; path = "usr/lib/libc++.dylib"; sourceTree = SDKROOT; };
		45A8923019B11F4D00BBE973 /* CachedBlurredImage.h */ = {isa = PBXFileReference; fileEncoding = 4; lastKnownFileType = sourcecode.c.h; path = CachedBlurredImage.h; sourceTree = "<group>"; };
		45A8923119B11F4D00BBE973 /* CachedBlurredImage.m */ = {isa = PBXFileReference; fileEncoding = 4; lastKnownFileType = sourcecode.c.objc; path = CachedBlurredImage.m; sourceTree = "<group>"; };
		45A8923819BA4A2600BBE973 /* Crashlytics.framework */ = {isa = PBXFileReference; lastKnownFileType = wrapper.framework; path = Crashlytics.framework; sourceTree = "<group>"; };
		45C5EE7819889CE900A0D538 /* UserRoll.h */ = {isa = PBXFileReference; fileEncoding = 4; lastKnownFileType = sourcecode.c.h; path = UserRoll.h; sourceTree = "<group>"; };
		45C5EE7919889CE900A0D538 /* UserRoll.m */ = {isa = PBXFileReference; fileEncoding = 4; lastKnownFileType = sourcecode.c.objc; path = UserRoll.m; sourceTree = "<group>"; };
		45EC14A5196754610049D518 /* ContactCell.xib */ = {isa = PBXFileReference; fileEncoding = 4; lastKnownFileType = file.xib; path = ContactCell.xib; sourceTree = "<group>"; };
		45EC14A8196760440049D518 /* MessageUI.framework */ = {isa = PBXFileReference; lastKnownFileType = wrapper.framework; name = MessageUI.framework; path = System/Library/Frameworks/MessageUI.framework; sourceTree = SDKROOT; };
		45FFB7EE19CD1FEE00BCF135 /* RollGalleryLayoutViewController.h */ = {isa = PBXFileReference; fileEncoding = 4; lastKnownFileType = sourcecode.c.h; path = RollGalleryLayoutViewController.h; sourceTree = "<group>"; };
		45FFB7EF19CD1FEE00BCF135 /* RollGalleryLayoutViewController.m */ = {isa = PBXFileReference; fileEncoding = 4; lastKnownFileType = sourcecode.c.objc; path = RollGalleryLayoutViewController.m; sourceTree = "<group>"; };
		45FFB7F019CD1FEE00BCF135 /* RollGalleryLayoutViewController.xib */ = {isa = PBXFileReference; fileEncoding = 4; lastKnownFileType = file.xib; path = RollGalleryLayoutViewController.xib; sourceTree = "<group>"; };
		80C9A0E9FEF846ECA2BF7C69 /* libPods.a */ = {isa = PBXFileReference; explicitFileType = archive.ar; includeInIndex = 0; path = libPods.a; sourceTree = BUILT_PRODUCTS_DIR; };
		9C21D44EAA3A4A4EBB309DB0 /* Pods.xcconfig */ = {isa = PBXFileReference; includeInIndex = 1; lastKnownFileType = text.xcconfig; name = Pods.xcconfig; path = Pods/Pods.xcconfig; sourceTree = "<group>"; };
/* End PBXFileReference section */

/* Begin PBXFrameworksBuildPhase section */
		429B711B1928698D00BAAE20 /* Frameworks */ = {
			isa = PBXFrameworksBuildPhase;
			buildActionMask = 2147483647;
			files = (
				451F5D7A19BBCE4B00CE66B9 /* SystemConfiguration.framework in Frameworks */,
				451F5D7819BBCE4000CE66B9 /* Security.framework in Frameworks */,
				451F5D7619BBCE3800CE66B9 /* QuartzCore.framework in Frameworks */,
				451F5D7419BBCE1F00CE66B9 /* CoreText.framework in Frameworks */,
				45A8922F19B11D0A00BBE973 /* libc++.dylib in Frameworks */,
				45EC14A9196760450049D518 /* MessageUI.framework in Frameworks */,
				429B71241928698D00BAAE20 /* CoreGraphics.framework in Frameworks */,
				429B71261928698D00BAAE20 /* UIKit.framework in Frameworks */,
				429B71221928698D00BAAE20 /* Foundation.framework in Frameworks */,
				6A776A8540FD4AB39818DF6F /* libPods.a in Frameworks */,
				45A8923919BA4A2600BBE973 /* Crashlytics.framework in Frameworks */,
			);
			runOnlyForDeploymentPostprocessing = 0;
		};
		429B71361928698D00BAAE20 /* Frameworks */ = {
			isa = PBXFrameworksBuildPhase;
			buildActionMask = 2147483647;
			files = (
				429B713B1928698D00BAAE20 /* XCTest.framework in Frameworks */,
				429B713D1928698D00BAAE20 /* UIKit.framework in Frameworks */,
				429B713C1928698D00BAAE20 /* Foundation.framework in Frameworks */,
			);
			runOnlyForDeploymentPostprocessing = 0;
		};
/* End PBXFrameworksBuildPhase section */

/* Begin PBXGroup section */
		331B640A1956815200844EBA /* Login */ = {
			isa = PBXGroup;
			children = (
				331B640B1956816600844EBA /* LoginViewController.h */,
				331B640C1956816600844EBA /* LoginViewController.m */,
				331B640D1956816600844EBA /* LoginViewController.xib */,
			);
			name = Login;
			sourceTree = "<group>";
		};
		33AED5AB1958AA0C004C0E82 /* Camera */ = {
			isa = PBXGroup;
			children = (
				33AED5AC1958AA49004C0E82 /* FridayCamera.h */,
				33AED5AD1958AA49004C0E82 /* FridayCamera.m */,
			);
			name = Camera;
			sourceTree = "<group>";
		};
		427F769F19286F7200CF30F2 /* View Controllers */ = {
			isa = PBXGroup;
			children = (
				331B640A1956815200844EBA /* Login */,
				427F76B41928977F00CF30F2 /* Splash */,
				427F76B51928978900CF30F2 /* People */,
			);
			name = "View Controllers";
			sourceTree = "<group>";
		};
		427F76B41928977F00CF30F2 /* Splash */ = {
			isa = PBXGroup;
			children = (
				427F76A019286F8700CF30F2 /* SplashViewController.h */,
				427F76A119286F8700CF30F2 /* SplashViewController.m */,
				427F76A219286F8700CF30F2 /* SplashViewController.xib */,
				427F76A5192896AE00CF30F2 /* PostSplashViewController.h */,
				427F76A6192896AE00CF30F2 /* PostSplashViewController.m */,
				427F76A7192896AE00CF30F2 /* PostSplashViewController.xib */,
				451467D41992177500E5CDF5 /* RollChoiceViewController.h */,
				451467D51992177500E5CDF5 /* RollChoiceViewController.m */,
				451467D61992177500E5CDF5 /* RollChoiceViewController.xib */,
				427F76B61928979B00CF30F2 /* Camera */,
			);
			name = Splash;
			sourceTree = "<group>";
		};
		427F76B51928978900CF30F2 /* People */ = {
			isa = PBXGroup;
			children = (
				427F76AA1928972600CF30F2 /* AddPeopleViewController.h */,
				427F76AB1928972600CF30F2 /* AddPeopleViewController.m */,
				427F76AC1928972600CF30F2 /* AddPeopleViewController.xib */,
				427F76AF1928973700CF30F2 /* PeopleViewController.h */,
				427F76B01928973700CF30F2 /* PeopleViewController.m */,
				427F76B11928973700CF30F2 /* PeopleViewController.xib */,
			);
			name = People;
			sourceTree = "<group>";
		};
		427F76B61928979B00CF30F2 /* Camera */ = {
			isa = PBXGroup;
			children = (
				427F76B7192897B000CF30F2 /* CameraViewController.h */,
				427F76B8192897B000CF30F2 /* CameraViewController.m */,
				427F76B9192897B000CF30F2 /* CameraViewController.xib */,
				427F76BC192897BC00CF30F2 /* RollViewController.h */,
				427F76BD192897BC00CF30F2 /* RollViewController.m */,
				427F76BE192897BC00CF30F2 /* RollViewController.xib */,
				45FFB7EE19CD1FEE00BCF135 /* RollGalleryLayoutViewController.h */,
				45FFB7EF19CD1FEE00BCF135 /* RollGalleryLayoutViewController.m */,
				45FFB7F019CD1FEE00BCF135 /* RollGalleryLayoutViewController.xib */,
				453413481971FBEC00C6A2FE /* UICollectionViewExtensions */,
			);
			name = Camera;
			sourceTree = "<group>";
		};
		429B71151928698D00BAAE20 = {
			isa = PBXGroup;
			children = (
				429B71271928698D00BAAE20 /* Friday */,
				429B71401928698D00BAAE20 /* FridayTests */,
				429B71201928698D00BAAE20 /* Frameworks */,
				429B711F1928698D00BAAE20 /* Products */,
				9C21D44EAA3A4A4EBB309DB0 /* Pods.xcconfig */,
			);
			sourceTree = "<group>";
		};
		429B711F1928698D00BAAE20 /* Products */ = {
			isa = PBXGroup;
			children = (
				429B711E1928698D00BAAE20 /* Friday.app */,
				429B71391928698D00BAAE20 /* FridayTests.xctest */,
			);
			name = Products;
			sourceTree = "<group>";
		};
		429B71201928698D00BAAE20 /* Frameworks */ = {
			isa = PBXGroup;
			children = (
				451F5D7919BBCE4B00CE66B9 /* SystemConfiguration.framework */,
				451F5D7719BBCE4000CE66B9 /* Security.framework */,
				451F5D7519BBCE3800CE66B9 /* QuartzCore.framework */,
				451F5D7319BBCE1F00CE66B9 /* CoreText.framework */,
				45A8922E19B11D0A00BBE973 /* libc++.dylib */,
				45A8923819BA4A2600BBE973 /* Crashlytics.framework */,
				45EC14A8196760440049D518 /* MessageUI.framework */,
				429B71211928698D00BAAE20 /* Foundation.framework */,
				429B71231928698D00BAAE20 /* CoreGraphics.framework */,
				429B71251928698D00BAAE20 /* UIKit.framework */,
				429B713A1928698D00BAAE20 /* XCTest.framework */,
				80C9A0E9FEF846ECA2BF7C69 /* libPods.a */,
			);
			name = Frameworks;
			sourceTree = "<group>";
		};
		429B71271928698D00BAAE20 /* Friday */ = {
			isa = PBXGroup;
			children = (
				45A8922B19A9216800BBE973 /* Categories */,
				45EC14A71967546B0049D518 /* Views */,
				451836831958743300594C07 /* Models */,
				427F769F19286F7200CF30F2 /* View Controllers */,
				429B71301928698D00BAAE20 /* AppDelegate.h */,
				429B71311928698D00BAAE20 /* AppDelegate.m */,
				429B71331928698D00BAAE20 /* Images.xcassets */,
				429B71281928698D00BAAE20 /* Supporting Files */,
			);
			path = Friday;
			sourceTree = "<group>";
		};
		429B71281928698D00BAAE20 /* Supporting Files */ = {
			isa = PBXGroup;
			children = (
				429B71291928698D00BAAE20 /* Friday-Info.plist */,
				429B712A1928698D00BAAE20 /* InfoPlist.strings */,
				429B712D1928698D00BAAE20 /* main.m */,
				429B712F1928698D00BAAE20 /* Friday-Prefix.pch */,
			);
			name = "Supporting Files";
			sourceTree = "<group>";
		};
		429B71401928698D00BAAE20 /* FridayTests */ = {
			isa = PBXGroup;
			children = (
				429B71461928698D00BAAE20 /* FridayTests.m */,
				429B71411928698D00BAAE20 /* Supporting Files */,
			);
			path = FridayTests;
			sourceTree = "<group>";
		};
		429B71411928698D00BAAE20 /* Supporting Files */ = {
			isa = PBXGroup;
			children = (
				429B71421928698D00BAAE20 /* FridayTests-Info.plist */,
				429B71431928698D00BAAE20 /* InfoPlist.strings */,
			);
			name = "Supporting Files";
			sourceTree = "<group>";
		};
		451836831958743300594C07 /* Models */ = {
			isa = PBXGroup;
			children = (
				451836841958744C00594C07 /* User.h */,
				451836851958744C00594C07 /* User.m */,
				45183687195875F900594C07 /* Roll.h */,
				45183688195875F900594C07 /* Roll.m */,
				4518368D1958926D00594C07 /* Photo.h */,
				4518368E1958926D00594C07 /* Photo.m */,
				45C5EE7819889CE900A0D538 /* UserRoll.h */,
				45C5EE7919889CE900A0D538 /* UserRoll.m */,
				45A8923019B11F4D00BBE973 /* CachedBlurredImage.h */,
				45A8923119B11F4D00BBE973 /* CachedBlurredImage.m */,
				33AED5AB1958AA0C004C0E82 /* Camera */,
			);
			name = Models;
			sourceTree = "<group>";
		};
		453413481971FBEC00C6A2FE /* UICollectionViewExtensions */ = {
			isa = PBXGroup;
			children = (
				45971B31194DFEE900BAD5E9 /* PhotoGalleryCell.h */,
				45971B32194DFEE900BAD5E9 /* PhotoGalleryCell.m */,
				45971B2F194DFE8C00BAD5E9 /* PhotoGalleryCell.xib */,
				45881D8819DE0D80009605CE /* SinglePhotoCell.h */,
				45881D8919DE0D80009605CE /* SinglePhotoCell.m */,
				45881D8A19DE0D80009605CE /* SinglePhotoCell.xib */,
				45881D9019DE11CC009605CE /* SinglePhotoCollectionViewFlowLayout.h */,
				45881D9119DE11CC009605CE /* SinglePhotoCollectionViewFlowLayout.m */,
			);
			name = UICollectionViewExtensions;
			sourceTree = "<group>";
		};
		45A8922B19A9216800BBE973 /* Categories */ = {
			isa = PBXGroup;
			children = (
				4237EF4719800C6A00230BB6 /* UIImage+Resize.h */,
				4237EF4819800C6A00230BB6 /* UIImage+Resize.m */,
				4237EF4A19800C9A00230BB6 /* UIImage+Alpha.h */,
				4237EF4B19800C9A00230BB6 /* UIImage+Alpha.m */,
				4237EF4D19800CA900230BB6 /* UIImage+RoundedCorner.h */,
				4237EF4E19800CA900230BB6 /* UIImage+RoundedCorner.m */,
			);
			name = Categories;
			sourceTree = "<group>";
		};
		45EC14A71967546B0049D518 /* Views */ = {
			isa = PBXGroup;
			children = (
				45A8922C19ABFA6000BBE973 /* InvitedToCell.xib */,
				4534134F19728EE900C6A2FE /* CollectionViewHeaderView.xib */,
				45881D9619DE2646009605CE /* CollectionViewHeaderView.h */,
				45881D9719DE2646009605CE /* CollectionViewHeaderView.m */,
				332B90FD19ABAF2F002C0420 /* ContactCell.h */,
				332B90FE19ABAF2F002C0420 /* ContactCell.m */,
				45EC14A5196754610049D518 /* ContactCell.xib */,
				33EF3BC519BBBE4200916DE1 /* GroupMemberCell.h */,
				33EF3BC619BBBE4200916DE1 /* GroupMemberCell.m */,
				33EF3BC719BBBE4200916DE1 /* GroupMemberCell.xib */,
			);
			name = Views;
			sourceTree = "<group>";
		};
/* End PBXGroup section */

/* Begin PBXNativeTarget section */
		429B711D1928698D00BAAE20 /* Friday */ = {
			isa = PBXNativeTarget;
			buildConfigurationList = 429B714A1928698D00BAAE20 /* Build configuration list for PBXNativeTarget "Friday" */;
			buildPhases = (
				5F8FC3CAD6804CECA57E16B6 /* Check Pods Manifest.lock */,
				429B711A1928698D00BAAE20 /* Sources */,
				429B711B1928698D00BAAE20 /* Frameworks */,
				429B711C1928698D00BAAE20 /* Resources */,
				826CC4B9A1D7497E903DB6B1 /* Copy Pods Resources */,
				45A8923319B6947600BBE973 /* ShellScript */,
			);
			buildRules = (
			);
			dependencies = (
			);
			name = Friday;
			productName = Friday;
			productReference = 429B711E1928698D00BAAE20 /* Friday.app */;
			productType = "com.apple.product-type.application";
		};
		429B71381928698D00BAAE20 /* FridayTests */ = {
			isa = PBXNativeTarget;
			buildConfigurationList = 429B714D1928698D00BAAE20 /* Build configuration list for PBXNativeTarget "FridayTests" */;
			buildPhases = (
				429B71351928698D00BAAE20 /* Sources */,
				429B71361928698D00BAAE20 /* Frameworks */,
				429B71371928698D00BAAE20 /* Resources */,
			);
			buildRules = (
			);
			dependencies = (
				429B713F1928698D00BAAE20 /* PBXTargetDependency */,
			);
			name = FridayTests;
			productName = FridayTests;
			productReference = 429B71391928698D00BAAE20 /* FridayTests.xctest */;
			productType = "com.apple.product-type.bundle.unit-test";
		};
/* End PBXNativeTarget section */

/* Begin PBXProject section */
		429B71161928698D00BAAE20 /* Project object */ = {
			isa = PBXProject;
			attributes = {
				LastUpgradeCheck = 0510;
				ORGANIZATIONNAME = codepath;
				TargetAttributes = {
					429B711D1928698D00BAAE20 = {
						DevelopmentTeam = NMG62K97Z7;
					};
					429B71381928698D00BAAE20 = {
						TestTargetID = 429B711D1928698D00BAAE20;
					};
				};
			};
			buildConfigurationList = 429B71191928698D00BAAE20 /* Build configuration list for PBXProject "Friday" */;
			compatibilityVersion = "Xcode 3.2";
			developmentRegion = English;
			hasScannedForEncodings = 0;
			knownRegions = (
				en,
			);
			mainGroup = 429B71151928698D00BAAE20;
			productRefGroup = 429B711F1928698D00BAAE20 /* Products */;
			projectDirPath = "";
			projectRoot = "";
			targets = (
				429B711D1928698D00BAAE20 /* Friday */,
				429B71381928698D00BAAE20 /* FridayTests */,
			);
		};
/* End PBXProject section */

/* Begin PBXResourcesBuildPhase section */
		429B711C1928698D00BAAE20 /* Resources */ = {
			isa = PBXResourcesBuildPhase;
			buildActionMask = 2147483647;
			files = (
				45881D8C19DE0D80009605CE /* SinglePhotoCell.xib in Resources */,
				45EC14A6196754610049D518 /* ContactCell.xib in Resources */,
				331B640F1956816600844EBA /* LoginViewController.xib in Resources */,
				45971B30194DFE8C00BAD5E9 /* PhotoGalleryCell.xib in Resources */,
				4534135019728EE900C6A2FE /* CollectionViewHeaderView.xib in Resources */,
				427F76BB192897B000CF30F2 /* CameraViewController.xib in Resources */,
				429B712C1928698D00BAAE20 /* InfoPlist.strings in Resources */,
				427F76B31928973700CF30F2 /* PeopleViewController.xib in Resources */,
				45A8922D19ABFA6000BBE973 /* InvitedToCell.xib in Resources */,
				427F76AE1928972600CF30F2 /* AddPeopleViewController.xib in Resources */,
				33EF3BC919BBBE4200916DE1 /* GroupMemberCell.xib in Resources */,
				45FFB7F219CD1FEE00BCF135 /* RollGalleryLayoutViewController.xib in Resources */,
				427F76A9192896AE00CF30F2 /* PostSplashViewController.xib in Resources */,
				427F76A419286F8700CF30F2 /* SplashViewController.xib in Resources */,
				429B71341928698D00BAAE20 /* Images.xcassets in Resources */,
				451467D81992177500E5CDF5 /* RollChoiceViewController.xib in Resources */,
				427F76C0192897BC00CF30F2 /* RollViewController.xib in Resources */,
			);
			runOnlyForDeploymentPostprocessing = 0;
		};
		429B71371928698D00BAAE20 /* Resources */ = {
			isa = PBXResourcesBuildPhase;
			buildActionMask = 2147483647;
			files = (
				429B71451928698D00BAAE20 /* InfoPlist.strings in Resources */,
			);
			runOnlyForDeploymentPostprocessing = 0;
		};
/* End PBXResourcesBuildPhase section */

/* Begin PBXShellScriptBuildPhase section */
		45A8923319B6947600BBE973 /* ShellScript */ = {
			isa = PBXShellScriptBuildPhase;
			buildActionMask = 2147483647;
			files = (
			);
			inputPaths = (
			);
			outputPaths = (
			);
			runOnlyForDeploymentPostprocessing = 0;
			shellPath = /bin/sh;
			shellScript = "./Crashlytics.framework/run 450870b0b9669cd4664005dbac58452654aa32b3 4b36ad9eca0a0cd4d280f1bbdd700284264b2c8a51afdb1ada61791041d818a9";
		};
		5F8FC3CAD6804CECA57E16B6 /* Check Pods Manifest.lock */ = {
			isa = PBXShellScriptBuildPhase;
			buildActionMask = 2147483647;
			files = (
			);
			inputPaths = (
			);
			name = "Check Pods Manifest.lock";
			outputPaths = (
			);
			runOnlyForDeploymentPostprocessing = 0;
			shellPath = /bin/sh;
			shellScript = "diff \"${PODS_ROOT}/../Podfile.lock\" \"${PODS_ROOT}/Manifest.lock\" > /dev/null\nif [[ $? != 0 ]] ; then\n    cat << EOM\nerror: The sandbox is not in sync with the Podfile.lock. Run 'pod install' or update your CocoaPods installation.\nEOM\n    exit 1\nfi\n";
			showEnvVarsInLog = 0;
		};
		826CC4B9A1D7497E903DB6B1 /* Copy Pods Resources */ = {
			isa = PBXShellScriptBuildPhase;
			buildActionMask = 2147483647;
			files = (
			);
			inputPaths = (
			);
			name = "Copy Pods Resources";
			outputPaths = (
			);
			runOnlyForDeploymentPostprocessing = 0;
			shellPath = /bin/sh;
			shellScript = "\"${SRCROOT}/Pods/Pods-resources.sh\"\n";
			showEnvVarsInLog = 0;
		};
/* End PBXShellScriptBuildPhase section */

/* Begin PBXSourcesBuildPhase section */
		429B711A1928698D00BAAE20 /* Sources */ = {
			isa = PBXSourcesBuildPhase;
			buildActionMask = 2147483647;
			files = (
				4518368F1958926D00594C07 /* Photo.m in Sources */,
				451836861958744C00594C07 /* User.m in Sources */,
				4237EF4C19800C9A00230BB6 /* UIImage+Alpha.m in Sources */,
				429B71321928698D00BAAE20 /* AppDelegate.m in Sources */,
				427F76AD1928972600CF30F2 /* AddPeopleViewController.m in Sources */,
				45881D9819DE2646009605CE /* CollectionViewHeaderView.m in Sources */,
				45A8923219B11F4D00BBE973 /* CachedBlurredImage.m in Sources */,
				45881D8B19DE0D80009605CE /* SinglePhotoCell.m in Sources */,
				45FFB7F119CD1FEE00BCF135 /* RollGalleryLayoutViewController.m in Sources */,
				4237EF4F19800CA900230BB6 /* UIImage+RoundedCorner.m in Sources */,
				427F76A8192896AE00CF30F2 /* PostSplashViewController.m in Sources */,
				332B90FF19ABAF2F002C0420 /* ContactCell.m in Sources */,
				33AED5AE1958AA49004C0E82 /* FridayCamera.m in Sources */,
				427F76B21928973700CF30F2 /* PeopleViewController.m in Sources */,
				331B640E1956816600844EBA /* LoginViewController.m in Sources */,
				45881D9219DE11CC009605CE /* SinglePhotoCollectionViewFlowLayout.m in Sources */,
				45971B33194DFEE900BAD5E9 /* PhotoGalleryCell.m in Sources */,
				45C5EE7A19889CE900A0D538 /* UserRoll.m in Sources */,
				429B712E1928698D00BAAE20 /* main.m in Sources */,
				33EF3BC819BBBE4200916DE1 /* GroupMemberCell.m in Sources */,
				427F76BA192897B000CF30F2 /* CameraViewController.m in Sources */,
				427F76A319286F8700CF30F2 /* SplashViewController.m in Sources */,
				427F76BF192897BC00CF30F2 /* RollViewController.m in Sources */,
				451467D71992177500E5CDF5 /* RollChoiceViewController.m in Sources */,
				4237EF4919800C6A00230BB6 /* UIImage+Resize.m in Sources */,
				45183689195875F900594C07 /* Roll.m in Sources */,
			);
			runOnlyForDeploymentPostprocessing = 0;
		};
		429B71351928698D00BAAE20 /* Sources */ = {
			isa = PBXSourcesBuildPhase;
			buildActionMask = 2147483647;
			files = (
				429B71471928698D00BAAE20 /* FridayTests.m in Sources */,
			);
			runOnlyForDeploymentPostprocessing = 0;
		};
/* End PBXSourcesBuildPhase section */

/* Begin PBXTargetDependency section */
		429B713F1928698D00BAAE20 /* PBXTargetDependency */ = {
			isa = PBXTargetDependency;
			target = 429B711D1928698D00BAAE20 /* Friday */;
			targetProxy = 429B713E1928698D00BAAE20 /* PBXContainerItemProxy */;
		};
/* End PBXTargetDependency section */

/* Begin PBXVariantGroup section */
		429B712A1928698D00BAAE20 /* InfoPlist.strings */ = {
			isa = PBXVariantGroup;
			children = (
				429B712B1928698D00BAAE20 /* en */,
			);
			name = InfoPlist.strings;
			sourceTree = "<group>";
		};
		429B71431928698D00BAAE20 /* InfoPlist.strings */ = {
			isa = PBXVariantGroup;
			children = (
				429B71441928698D00BAAE20 /* en */,
			);
			name = InfoPlist.strings;
			sourceTree = "<group>";
		};
/* End PBXVariantGroup section */

/* Begin XCBuildConfiguration section */
		429B71481928698D00BAAE20 /* Debug */ = {
			isa = XCBuildConfiguration;
			buildSettings = {
				ALWAYS_SEARCH_USER_PATHS = NO;
				CLANG_CXX_LANGUAGE_STANDARD = "gnu++0x";
				CLANG_CXX_LIBRARY = "libc++";
				CLANG_ENABLE_MODULES = YES;
				CLANG_ENABLE_OBJC_ARC = YES;
				CLANG_WARN_BOOL_CONVERSION = YES;
				CLANG_WARN_CONSTANT_CONVERSION = YES;
				CLANG_WARN_DIRECT_OBJC_ISA_USAGE = YES_ERROR;
				CLANG_WARN_EMPTY_BODY = YES;
				CLANG_WARN_ENUM_CONVERSION = YES;
				CLANG_WARN_INT_CONVERSION = YES;
				CLANG_WARN_OBJC_ROOT_CLASS = YES_ERROR;
				CLANG_WARN__DUPLICATE_METHOD_MATCH = YES;
				"CODE_SIGN_IDENTITY[sdk=iphoneos*]" = "iPhone Developer";
				COPY_PHASE_STRIP = NO;
				GCC_C_LANGUAGE_STANDARD = gnu99;
				GCC_DYNAMIC_NO_PIC = NO;
				GCC_OPTIMIZATION_LEVEL = 0;
				GCC_PREPROCESSOR_DEFINITIONS = (
					"DEBUG=1",
					"$(inherited)",
				);
				GCC_SYMBOLS_PRIVATE_EXTERN = NO;
				GCC_WARN_64_TO_32_BIT_CONVERSION = YES;
				GCC_WARN_ABOUT_RETURN_TYPE = YES_ERROR;
				GCC_WARN_UNDECLARED_SELECTOR = YES;
				GCC_WARN_UNINITIALIZED_AUTOS = YES_AGGRESSIVE;
				GCC_WARN_UNUSED_FUNCTION = YES;
				GCC_WARN_UNUSED_VARIABLE = YES;
				IPHONEOS_DEPLOYMENT_TARGET = 7.1;
				ONLY_ACTIVE_ARCH = YES;
				SDKROOT = iphoneos;
			};
			name = Debug;
		};
		429B71491928698D00BAAE20 /* Release */ = {
			isa = XCBuildConfiguration;
			buildSettings = {
				ALWAYS_SEARCH_USER_PATHS = NO;
				CLANG_CXX_LANGUAGE_STANDARD = "gnu++0x";
				CLANG_CXX_LIBRARY = "libc++";
				CLANG_ENABLE_MODULES = YES;
				CLANG_ENABLE_OBJC_ARC = YES;
				CLANG_WARN_BOOL_CONVERSION = YES;
				CLANG_WARN_CONSTANT_CONVERSION = YES;
				CLANG_WARN_DIRECT_OBJC_ISA_USAGE = YES_ERROR;
				CLANG_WARN_EMPTY_BODY = YES;
				CLANG_WARN_ENUM_CONVERSION = YES;
				CLANG_WARN_INT_CONVERSION = YES;
				CLANG_WARN_OBJC_ROOT_CLASS = YES_ERROR;
				CLANG_WARN__DUPLICATE_METHOD_MATCH = YES;
				"CODE_SIGN_IDENTITY[sdk=iphoneos*]" = "iPhone Developer";
				COPY_PHASE_STRIP = YES;
				ENABLE_NS_ASSERTIONS = NO;
				GCC_C_LANGUAGE_STANDARD = gnu99;
				GCC_WARN_64_TO_32_BIT_CONVERSION = YES;
				GCC_WARN_ABOUT_RETURN_TYPE = YES_ERROR;
				GCC_WARN_UNDECLARED_SELECTOR = YES;
				GCC_WARN_UNINITIALIZED_AUTOS = YES_AGGRESSIVE;
				GCC_WARN_UNUSED_FUNCTION = YES;
				GCC_WARN_UNUSED_VARIABLE = YES;
				IPHONEOS_DEPLOYMENT_TARGET = 7.1;
				SDKROOT = iphoneos;
				VALIDATE_PRODUCT = YES;
			};
			name = Release;
		};
		429B714B1928698D00BAAE20 /* Debug */ = {
			isa = XCBuildConfiguration;
			baseConfigurationReference = 9C21D44EAA3A4A4EBB309DB0 /* Pods.xcconfig */;
			buildSettings = {
				ASSETCATALOG_COMPILER_APPICON_NAME = AppIcon;
				ASSETCATALOG_COMPILER_LAUNCHIMAGE_NAME = LaunchImage;
				CODE_SIGN_IDENTITY = "iPhone Developer";
				"CODE_SIGN_IDENTITY[sdk=iphoneos*]" = "iPhone Developer";
				FRAMEWORK_SEARCH_PATHS = (
					"$(inherited)",
					"$(PROJECT_DIR)",
					"$(PROJECT_DIR)/Friday/HockeySDK-iOS/HockeySDK.embeddedframework",
				);
				GCC_PRECOMPILE_PREFIX_HEADER = YES;
				GCC_PREFIX_HEADER = "Friday/Friday-Prefix.pch";
				INFOPLIST_FILE = "Friday/Friday-Info.plist";
				PRODUCT_NAME = "$(TARGET_NAME)";
				PROVISIONING_PROFILE = "";
				WRAPPER_EXTENSION = app;
			};
			name = Debug;
		};
		429B714C1928698D00BAAE20 /* Release */ = {
			isa = XCBuildConfiguration;
			baseConfigurationReference = 9C21D44EAA3A4A4EBB309DB0 /* Pods.xcconfig */;
			buildSettings = {
				ASSETCATALOG_COMPILER_APPICON_NAME = AppIcon;
				ASSETCATALOG_COMPILER_LAUNCHIMAGE_NAME = LaunchImage;
				CODE_SIGN_IDENTITY = "iPhone Developer";
				"CODE_SIGN_IDENTITY[sdk=iphoneos*]" = "iPhone Developer";
				FRAMEWORK_SEARCH_PATHS = (
					"$(inherited)",
					"$(PROJECT_DIR)",
					"$(PROJECT_DIR)/Friday/HockeySDK-iOS/HockeySDK.embeddedframework",
				);
				GCC_PRECOMPILE_PREFIX_HEADER = YES;
				GCC_PREFIX_HEADER = "Friday/Friday-Prefix.pch";
				INFOPLIST_FILE = "Friday/Friday-Info.plist";
				PRODUCT_NAME = "$(TARGET_NAME)";
				PROVISIONING_PROFILE = "";
				WRAPPER_EXTENSION = app;
			};
			name = Release;
		};
		429B714E1928698D00BAAE20 /* Debug */ = {
			isa = XCBuildConfiguration;
			buildSettings = {
				BUNDLE_LOADER = "$(BUILT_PRODUCTS_DIR)/Friday.app/Friday";
				FRAMEWORK_SEARCH_PATHS = (
					"$(SDKROOT)/Developer/Library/Frameworks",
					"$(inherited)",
					"$(DEVELOPER_FRAMEWORKS_DIR)",
				);
				GCC_PRECOMPILE_PREFIX_HEADER = YES;
				GCC_PREFIX_HEADER = "Friday/Friday-Prefix.pch";
				GCC_PREPROCESSOR_DEFINITIONS = (
					"DEBUG=1",
					"$(inherited)",
				);
				INFOPLIST_FILE = "FridayTests/FridayTests-Info.plist";
				PRODUCT_NAME = "$(TARGET_NAME)";
				TEST_HOST = "$(BUNDLE_LOADER)";
				WRAPPER_EXTENSION = xctest;
			};
			name = Debug;
		};
		429B714F1928698D00BAAE20 /* Release */ = {
			isa = XCBuildConfiguration;
			buildSettings = {
				BUNDLE_LOADER = "$(BUILT_PRODUCTS_DIR)/Friday.app/Friday";
				FRAMEWORK_SEARCH_PATHS = (
					"$(SDKROOT)/Developer/Library/Frameworks",
					"$(inherited)",
					"$(DEVELOPER_FRAMEWORKS_DIR)",
				);
				GCC_PRECOMPILE_PREFIX_HEADER = YES;
				GCC_PREFIX_HEADER = "Friday/Friday-Prefix.pch";
				INFOPLIST_FILE = "FridayTests/FridayTests-Info.plist";
				PRODUCT_NAME = "$(TARGET_NAME)";
				TEST_HOST = "$(BUNDLE_LOADER)";
				WRAPPER_EXTENSION = xctest;
			};
			name = Release;
		};
/* End XCBuildConfiguration section */

/* Begin XCConfigurationList section */
		429B71191928698D00BAAE20 /* Build configuration list for PBXProject "Friday" */ = {
			isa = XCConfigurationList;
			buildConfigurations = (
				429B71481928698D00BAAE20 /* Debug */,
				429B71491928698D00BAAE20 /* Release */,
			);
			defaultConfigurationIsVisible = 0;
			defaultConfigurationName = Release;
		};
		429B714A1928698D00BAAE20 /* Build configuration list for PBXNativeTarget "Friday" */ = {
			isa = XCConfigurationList;
			buildConfigurations = (
				429B714B1928698D00BAAE20 /* Debug */,
				429B714C1928698D00BAAE20 /* Release */,
			);
			defaultConfigurationIsVisible = 0;
			defaultConfigurationName = Release;
		};
		429B714D1928698D00BAAE20 /* Build configuration list for PBXNativeTarget "FridayTests" */ = {
			isa = XCConfigurationList;
			buildConfigurations = (
				429B714E1928698D00BAAE20 /* Debug */,
				429B714F1928698D00BAAE20 /* Release */,
			);
			defaultConfigurationIsVisible = 0;
			defaultConfigurationName = Release;
		};
/* End XCConfigurationList section */
	};
	rootObject = 429B71161928698D00BAAE20 /* Project object */;
}
